
Microsoft Visual Studio Solution File, Format Version 12.00
# Visual Studio Version 17
VisualStudioVersion = 17.13.35825.156 d17.13
MinimumVisualStudioVersion = 10.0.40219.1
Project("{FAE04EC0-301F-11D3-BF4B-00C04F79EFBC}") = "testconditional", "testconditional.csproj", "{340E0EB6-0258-4DFF-8DCF-9EFFB2F0B74C}"
EndProject
Global
	GlobalSection(SolutionConfigurationPlatforms) = preSolution
		Debug|Any CPU = Debug|Any CPU
		Release|Any CPU = Release|Any CPU
	EndGlobalSection
	GlobalSection(ProjectConfigurationPlatforms) = postSolution
		{340E0EB6-0258-4DFF-8DCF-9EFFB2F0B74C}.Debug|Any CPU.ActiveCfg = Debug|Any CPU
		{340E0EB6-0258-4DFF-8DCF-9EFFB2F0B74C}.Debug|Any CPU.Build.0 = Debug|Any CPU
		{340E0EB6-0258-4DFF-8DCF-9EFFB2F0B74C}.Release|Any CPU.ActiveCfg = Release|Any CPU
		{340E0EB6-0258-4DFF-8DCF-9EFFB2F0B74C}.Release|Any CPU.Build.0 = Release|Any CPU
	EndGlobalSection
	GlobalSection(SolutionProperties) = preSolution
		HideSolutionNode = FALSE
	EndGlobalSection
	GlobalSection(ExtensibilityGlobals) = postSolution
		SolutionGuid = {15B10CFD-C4B0-4674-8F48-BCE0D3267378}
	EndGlobalSection
EndGlobal
